{
  "name": "safe-http-server",
  "version": "1.0.0",
  "lockfileVersion": 2,
  "requires": true,
  "packages": {
    "": {
      "name": "safe-http-server",
      "version": "1.0.0",
      "license": "ISC",
      "dependencies": {
        "static-blocklist": "^1.0.0"
      }
    },
    "node_modules/static-blocklist": {
      "version": "1.0.0",
      "resolved": "https://registry.npmjs.org/static-blocklist/-/static-blocklist-1.0.0.tgz",
      "integrity": "sha512-8isTgAgp26+7mMTMMY7cWARTFO45zFLcRfOCOPND+b7ameR8D8Dit6pL+vHWwhxLbGQEg7DoosQLJgjE1YHq8w=="
    }
  },
  "dependencies": {
    "static-blocklist": {
      "version": "1.0.0",
      "resolved": "https://registry.npmjs.org/static-blocklist/-/static-blocklist-1.0.0.tgz",
      "integrity": "sha512-8isTgAgp26+7mMTMMY7cWARTFO45zFLcRfOCOPND+b7ameR8D8Dit6pL+vHWwhxLbGQEg7DoosQLJgjE1YHq8w=="
    }
  }
}
